
Microsoft Visual Studio Solution File, Format Version 12.00
# Visual Studio 15
VisualStudioVersion = 15.0.27130.2020
MinimumVisualStudioVersion = 10.0.40219.1
Project("{9A19103F-16F7-4668-BE54-9A1E7A4F7556}") = "Calculator.App", "ConsoleApp1\Calculator.App.csproj", "{9EB08B72-8B9E-4F98-87DC-918602F61210}"
EndProject
Project("{FAE04EC0-301F-11D3-BF4B-00C04F79EFBC}") = "Calculator.App.Test", "Calculator.App.Test\Calculator.App.Test.csproj", "{6EEF4183-0D2D-4375-932A-75327342DEB9}"
EndProject
Global
	GlobalSection(SolutionConfigurationPlatforms) = preSolution
		Debug|Any CPU = Debug|Any CPU
		Release|Any CPU = Release|Any CPU
	EndGlobalSection
	GlobalSection(ProjectConfigurationPlatforms) = postSolution
		{9EB08B72-8B9E-4F98-87DC-918602F61210}.Debug|Any CPU.ActiveCfg = Debug|Any CPU
		{9EB08B72-8B9E-4F98-87DC-918602F61210}.Debug|Any CPU.Build.0 = Debug|Any CPU
		{9EB08B72-8B9E-4F98-87DC-918602F61210}.Release|Any CPU.ActiveCfg = Release|Any CPU
		{9EB08B72-8B9E-4F98-87DC-918602F61210}.Release|Any CPU.Build.0 = Release|Any CPU
		{6EEF4183-0D2D-4375-932A-75327342DEB9}.Debug|Any CPU.ActiveCfg = Debug|Any CPU
		{6EEF4183-0D2D-4375-932A-75327342DEB9}.Debug|Any CPU.Build.0 = Debug|Any CPU
		{6EEF4183-0D2D-4375-932A-75327342DEB9}.Release|Any CPU.ActiveCfg = Release|Any CPU
		{6EEF4183-0D2D-4375-932A-75327342DEB9}.Release|Any CPU.Build.0 = Release|Any CPU
	EndGlobalSection
	GlobalSection(SolutionProperties) = preSolution
		HideSolutionNode = FALSE
	EndGlobalSection
	GlobalSection(ExtensibilityGlobals) = postSolution
		SolutionGuid = {209D0225-21C7-4B05-B64E-45A3838F63C9}
	EndGlobalSection
EndGlobal
