
Microsoft Visual Studio Solution File, Format Version 12.00
# Visual Studio 15
VisualStudioVersion = 15.0.27130.2024
MinimumVisualStudioVersion = 10.0.40219.1
Project("{9A19103F-16F7-4668-BE54-9A1E7A4F7556}") = "Calculator.App", "ConsoleApp1\Calculator.App.csproj", "{9EB08B72-8B9E-4F98-87DC-918602F61210}"
EndProject
Project("{9A19103F-16F7-4668-BE54-9A1E7A4F7556}") = "Calculator.App.Test", "Calculator.App.Test\Calculator.App.Test.csproj", "{6EEF4183-0D2D-4375-932A-75327342DEB9}"
EndProject
Project("{9A19103F-16F7-4668-BE54-9A1E7A4F7556}") = "Calculator.Web", "Calculator.Web\Calculator.Web.csproj", "{E2570303-8E7C-46D4-95AF-B5F3D03B904D}"
EndProject
Project("{FAE04EC0-301F-11D3-BF4B-00C04F79EFBC}") = "Calculator.Forms", "Calculator.Forms\Calculator.Forms.csproj", "{FCCCA9A9-AF72-4C95-9AC9-82EA705CD460}"
EndProject
Project("{FAE04EC0-301F-11D3-BF4B-00C04F79EFBC}") = "Calculator.FormsTests", "Calculator.FormsTests\Calculator.FormsTests.csproj", "{A56245DC-3FD4-457A-8C5A-80932C63D5F0}"
EndProject
Global
	GlobalSection(SolutionConfigurationPlatforms) = preSolution
		Debug|Any CPU = Debug|Any CPU
		Release|Any CPU = Release|Any CPU
	EndGlobalSection
	GlobalSection(ProjectConfigurationPlatforms) = postSolution
		{9EB08B72-8B9E-4F98-87DC-918602F61210}.Debug|Any CPU.ActiveCfg = Debug|Any CPU
		{9EB08B72-8B9E-4F98-87DC-918602F61210}.Debug|Any CPU.Build.0 = Debug|Any CPU
		{9EB08B72-8B9E-4F98-87DC-918602F61210}.Release|Any CPU.ActiveCfg = Release|Any CPU
		{9EB08B72-8B9E-4F98-87DC-918602F61210}.Release|Any CPU.Build.0 = Release|Any CPU
		{6EEF4183-0D2D-4375-932A-75327342DEB9}.Debug|Any CPU.ActiveCfg = Debug|Any CPU
		{6EEF4183-0D2D-4375-932A-75327342DEB9}.Debug|Any CPU.Build.0 = Debug|Any CPU
		{6EEF4183-0D2D-4375-932A-75327342DEB9}.Release|Any CPU.ActiveCfg = Release|Any CPU
		{6EEF4183-0D2D-4375-932A-75327342DEB9}.Release|Any CPU.Build.0 = Release|Any CPU
		{E2570303-8E7C-46D4-95AF-B5F3D03B904D}.Debug|Any CPU.ActiveCfg = Debug|Any CPU
		{E2570303-8E7C-46D4-95AF-B5F3D03B904D}.Debug|Any CPU.Build.0 = Debug|Any CPU
		{E2570303-8E7C-46D4-95AF-B5F3D03B904D}.Release|Any CPU.ActiveCfg = Release|Any CPU
		{E2570303-8E7C-46D4-95AF-B5F3D03B904D}.Release|Any CPU.Build.0 = Release|Any CPU
		{FCCCA9A9-AF72-4C95-9AC9-82EA705CD460}.Debug|Any CPU.ActiveCfg = Debug|Any CPU
		{FCCCA9A9-AF72-4C95-9AC9-82EA705CD460}.Debug|Any CPU.Build.0 = Debug|Any CPU
		{FCCCA9A9-AF72-4C95-9AC9-82EA705CD460}.Release|Any CPU.ActiveCfg = Release|Any CPU
		{FCCCA9A9-AF72-4C95-9AC9-82EA705CD460}.Release|Any CPU.Build.0 = Release|Any CPU
		{A56245DC-3FD4-457A-8C5A-80932C63D5F0}.Debug|Any CPU.ActiveCfg = Debug|Any CPU
		{A56245DC-3FD4-457A-8C5A-80932C63D5F0}.Debug|Any CPU.Build.0 = Debug|Any CPU
		{A56245DC-3FD4-457A-8C5A-80932C63D5F0}.Release|Any CPU.ActiveCfg = Release|Any CPU
		{A56245DC-3FD4-457A-8C5A-80932C63D5F0}.Release|Any CPU.Build.0 = Release|Any CPU
	EndGlobalSection
	GlobalSection(SolutionProperties) = preSolution
		HideSolutionNode = FALSE
	EndGlobalSection
	GlobalSection(ExtensibilityGlobals) = postSolution
		SolutionGuid = {209D0225-21C7-4B05-B64E-45A3838F63C9}
	EndGlobalSection
EndGlobal
